{
    "_meta": {
        "hash": {
            "sha256": "07a0618e433210bba0bc15b912e22518f179fe3da0fa46b1f0abbf5dd098db1b"
        },
        "pipfile-spec": 6,
        "requires": {
            "python_version": "3.11"
        },
        "sources": [
            {
                "name": "pypi",
                "url": "https://pypi.org/simple",
                "verify_ssl": true
            }
        ]
    },
    "default": {
        "colorama": {
            "hashes": [
                "sha256:08695f5cb7ed6e0531a20572697297273c47b8cae5a63ffc6d6ed5c201be6e44",
                "sha256:4f1d9991f5acc0ca119f9d443620b77f9d6b33703e51011c16baf57afb285fc6"
            ],
            "markers": "sys_platform == 'win32'",
            "version": "==0.4.6"
        },
        "dnspython": {
            "hashes": [
                "sha256:5ef3b9680161f6fa89daf8ad451b5f1a33b18ae8a1c6778cdf4b43f08c0a6e50",
                "sha256:e8f0f9c23a7b7cb99ded64e6c3a6f3e701d78f50c55e002b839dea7225cff7cc"
            ],
            "markers": "python_version >= '3.8'",
            "version": "==2.6.1"
        },
        "iniconfig": {
            "hashes": [
                "sha256:2d91e135bf72d31a410b17c16da610a82cb55f6b0477d1a902134b24a455b8b3",
                "sha256:b6a85871a79d2e3b22d2d1b94ac2824226a63c6b741c88f7ae975f18b6778374"
            ],
            "markers": "python_version >= '3.7'",
            "version": "==2.0.0"
        },
        "mock": {
            "hashes": [
                "sha256:18c694e5ae8a208cdb3d2c20a993ca1a7b0efa258c247a1e565150f477f83744",
                "sha256:5e96aad5ccda4718e0a229ed94b2024df75cc2d55575ba5762d31f5767b8767d"
            ],
            "index": "pypi",
            "markers": "python_version >= '3.6'",
            "version": "==5.1.0"
        },
        "mongomock": {
            "hashes": [
                "sha256:08a24938a05c80c69b6b8b19a09888d38d8c6e7328547f94d46cadb7f47209f2",
                "sha256:f06cd62afb8ae3ef63ba31349abd220a657ef0dd4f0243a29587c5213f931b7d"
            ],
            "version": "==4.1.2"
        },
        "packaging": {
            "hashes": [
                "sha256:2ddfb553fdf02fb784c234c7ba6ccc288296ceabec964ad2eae3777778130bc5",
                "sha256:eb82c5e3e56209074766e6885bb04b8c38a0c015d0a30036ebe7ece34c9989e9"
            ],
            "markers": "python_version >= '3.7'",
            "version": "==24.0"
        },
        "pluggy": {
            "hashes": [
                "sha256:7db9f7b503d67d1c5b95f59773ebb58a8c1c288129a88665838012cfb07b8981",
                "sha256:8c85c2876142a764e5b7548e7d9a0e0ddb46f5185161049a79b7e974454223be"
            ],
            "markers": "python_version >= '3.8'",
            "version": "==1.4.0"
        },
        "pymongo": {
            "hashes": [
                "sha256:097791d5a8d44e2444e0c8c4d6e14570ac11e22bcb833808885a5db081c3dc2a",
                "sha256:0d002ae456a15b1d790a78bb84f87af21af1cb716a63efb2c446ab6bcbbc48ca",
                "sha256:0fbdbf2fba1b4f5f1522e9f11e21c306e095b59a83340a69e908f8ed9b450070",
                "sha256:1849fd6f1917b4dc5dbf744b2f18e41e0538d08dd8e9ba9efa811c5149d665a3",
                "sha256:18c422e6b08fa370ed9d8670c67e78d01f50d6517cec4522aa8627014dfa38b6",
                "sha256:1f251f287e6d42daa3654b686ce1fcb6d74bf13b3907c3ae25954978c70f2cd4",
                "sha256:1f5f4cd2969197e25b67e24d5b8aa2452d381861d2791d06c493eaa0b9c9fcfe",
                "sha256:1f706c1a644ed33eaea91df0a8fb687ce572b53eeb4ff9b89270cb0247e5d0e1",
                "sha256:2160d9c8cd20ce1f76a893f0daf7c0d38af093f36f1b5c9f3dcf3e08f7142814",
                "sha256:2b575fbe6396bbf21e4d0e5fd2e3cdb656dc90c930b6c5532192e9a89814f72d",
                "sha256:2b65433c90e07dc252b4a55dfd885ca0df94b1cf77c5b8709953ec1983aadc03",
                "sha256:2f7b98f8d2cf3eeebde738d080ae9b4276d7250912d9751046a9ac1efc9b1ce2",
                "sha256:311794ef3ccae374aaef95792c36b0e5c06e8d5cf04a1bdb1b2bf14619ac881f",
                "sha256:362a5adf6f3f938a8ff220a4c4aaa93e84ef932a409abecd837c617d17a5990f",
                "sha256:397949a9cc85e4a1452f80b7f7f2175d557237177120954eff00bf79553e89d3",
                "sha256:3a5280f496297537301e78bde250c96fadf4945e7b2c397d8bb8921861dd236d",
                "sha256:3e03c732cb64b96849310e1d8688fb70d75e2571385485bf2f1e7ad1d309fa53",
                "sha256:3e9f6e2f3da0a6af854a3e959a6962b5f8b43bbb8113cd0bff0421c5059b3106",
                "sha256:4522ad69a4ab0e1b46a8367d62ad3865b8cd54cf77518c157631dac1fdc97584",
                "sha256:477914e13501bb1d4608339ee5bb618be056d2d0e7267727623516cfa902e652",
                "sha256:4993593de44c741d1e9f230f221fe623179f500765f9855936e4ff6f33571bad",
                "sha256:4d982c6db1da7cf3018183891883660ad085de97f21490d314385373f775915b",
                "sha256:4e2129ec8f72806751b621470ac5d26aaa18fae4194796621508fa0e6068278a",
                "sha256:4fa30494601a6271a8b416554bd7cde7b2a848230f0ec03e3f08d84565b4bf8c",
                "sha256:5379ca6fd325387a34cda440aec2bd031b5ef0b0aa2e23b4981945cff1dab84c",
                "sha256:579508536113dbd4c56e4738955a18847e8a6c41bf3c0b4ab18b51d81a6b7be8",
                "sha256:57c05f2e310701fc17ae358caafd99b1830014e316f0242d13ab6c01db0ab1c2",
                "sha256:5c2f258489de12a65b81e1b803a531ee8cf633fa416ae84de65cd5f82d2ceb37",
                "sha256:5db133d6ec7a4f7fc7e2bd098e4df23d7ad949f7be47b27b515c9fb9301c61e4",
                "sha256:5f6bcd2d012d82d25191a911a239fd05a8a72e8c5a7d81d056c0f3520cad14d1",
                "sha256:6125f73503407792c8b3f80165f8ab88a4e448d7d9234c762681a4d0b446fcb4",
                "sha256:64ec3e2dcab9af61bdbfcb1dd863c70d1b0c220b8e8ac11df8b57f80ee0402b3",
                "sha256:658f6c028edaeb02761ebcaca8d44d519c22594b2a51dcbc9bd2432aa93319e3",
                "sha256:68109c13176749fbbbbbdb94dd4a58dcc604db6ea43ee300b2602154aebdd55f",
                "sha256:6ceaaff4b812ae368cf9774989dea81b9bbb71e5bed666feca6a9f3087c03e49",
                "sha256:707d28a822b918acf941cff590affaddb42a5d640614d71367c8956623a80cbc",
                "sha256:7640d176ee5b0afec76a1bda3684995cb731b2af7fcfd7c7ef8dc271c5d689af",
                "sha256:7dd63f7c2b3727541f7f37d0fb78d9942eb12a866180fbeb898714420aad74e2",
                "sha256:8110b78fc4b37dced85081d56795ecbee6a7937966e918e05e33a3900e8ea07d",
                "sha256:84593447a5c5fe7a59ba86b72c2c89d813fbac71c07757acdf162fbfd5d005b9",
                "sha256:8caa73fb19070008e851a589b744aaa38edd1366e2487284c61158c77fdf72af",
                "sha256:91ddf95cedca12f115fbc5f442b841e81197d85aa3cc30b82aee3635a5208af2",
                "sha256:94637941fe343000f728e28d3fe04f1f52aec6376b67b85583026ff8dab2a0e0",
                "sha256:97d81d357e1a2a248b3494d52ebc8bf15d223ee89d59ee63becc434e07438a24",
                "sha256:991e406db5da4d89fb220a94d8caaf974ffe14ce6b095957bae9273c609784a0",
                "sha256:9aebddb2ec2128d5fc2fe3aee6319afef8697e0374f8a1fcca3449d6f625e7b4",
                "sha256:9d511db310f43222bc58d811037b176b4b88dc2b4617478c5ef01fea404f8601",
                "sha256:9eec7140cf7513aa770ea51505d312000c7416626a828de24318fdcc9ac3214c",
                "sha256:9f86ba0c781b497a3c9c886765d7b6402a0e3ae079dd517365044c89cd7abb06",
                "sha256:a509db602462eb736666989739215b4b7d8f4bb8ac31d0bffd4be9eae96c63ef",
                "sha256:aaecfafb407feb6f562c7f2f5b91f22bfacba6dd739116b1912788cff7124c4a",
                "sha256:ab7d01ac832a1663dad592ccbd92bb0f0775bc8f98a1923c5e1a7d7fead495af",
                "sha256:ac20dd0c7b42555837c86f5ea46505f35af20a08b9cf5770cd1834288d8bd1b4",
                "sha256:b2d445f1cf147331947cc35ec10342f898329f29dd1947a3f8aeaf7e0e6878d1",
                "sha256:b2dd8c874927a27995f64a3b44c890e8a944c98dec1ba79eab50e07f1e3f801b",
                "sha256:ba052446a14bd714ec83ca4e77d0d97904f33cd046d7bb60712a6be25eb31dbb",
                "sha256:bea62f03a50f363265a7a651b4e2a4429b4f138c1864b2d83d4bf6f9851994be",
                "sha256:bff601fbfcecd2166d9a2b70777c2985cb9689e2befb3278d91f7f93a0456cae",
                "sha256:c3797e0a628534e07a36544d2bfa69e251a578c6d013e975e9e3ed2ac41f2d95",
                "sha256:c43205e85cbcbdf03cff62ad8f50426dd9d20134a915cfb626d805bab89a1844",
                "sha256:c68bf4a399e37798f1b5aa4f6c02886188ef465f4ac0b305a607b7579413e366",
                "sha256:c9519c9d341983f3a1bd19628fecb1d72a48d8666cf344549879f2e63f54463b",
                "sha256:ca5877754f3fa6e4fe5aacf5c404575f04c2d9efc8d22ed39576ed9098d555c8",
                "sha256:d0257e0eebb50f242ca28a92ef195889a6ad03dcdde5bf1c7ab9f38b7e810801",
                "sha256:d788cb5cc947d78934be26eef1623c78cec3729dc93a30c23f049b361aa6d835",
                "sha256:d7d227a60b00925dd3aeae4675575af89c661a8e89a1f7d1677e57eba4a3693c",
                "sha256:df813f0c2c02281720ccce225edf39dc37855bf72cdfde6f789a1d1cf32ffb4b",
                "sha256:e0b208ebec3b47ee78a5c836e2e885e8c1e10f8ffd101aaec3d63997a4bdcd04",
                "sha256:e571434633f99a81e081738721bb38e697345281ed2f79c2f290f809ba3fbb2f",
                "sha256:e78af59fd0eb262c2a5f7c7d7e3b95e8596a75480d31087ca5f02f2d4c6acd19",
                "sha256:e942945e9112075a84d2e2d6e0d0c98833cdcdfe48eb8952b917f996025c7ffa",
                "sha256:ebd343ca44982d480f1e39372c48e8e263fc6f32e9af2be456298f146a3db715",
                "sha256:ed694c0d1977cb54281cb808bc2b247c17fb64b678a6352d3b77eb678ebe1bd9",
                "sha256:ee30a9d4c27a88042d0636aca0275788af09cc237ae365cd6ebb34524bddb9cc",
                "sha256:f1febca6f79e91feafc572906871805bd9c271b6a2d98a8bb5499b6ace0befed",
                "sha256:f251db26c239aec2a4d57fbe869e0a27b7f6b5384ec6bf54aeb4a6a5e7408234",
                "sha256:f3bae553ca39ed52db099d76acd5e8566096064dc7614c34c9359bb239ec4081",
                "sha256:f673b64a0884edcc56073bda0b363428dc1bf4eb1b5e7d0b689f7ec6173edad6",
                "sha256:fa0bbbfbd1f8ebbd5facaa10f9f333b20027b240af012748555148943616fdf3",
                "sha256:fb24abcd50501b25d33a074c1790a1389b6460d2509e4b240d03fd2e5c79f463",
                "sha256:fbafe3a1df21eeadb003c38fc02c1abf567648b6477ec50c4a3c042dca205371",
                "sha256:fe010154dfa9e428bd2fb3e9325eff2216ab20a69ccbd6b5cac6785ca2989161"
            ],
            "index": "pypi",
            "markers": "python_version >= '3.7'",
            "version": "==4.6.2"
        },
        "pytest": {
            "hashes": [
                "sha256:2a8386cfc11fa9d2c50ee7b2a57e7d898ef90470a7a34c4b949ff59662bb78b7",
                "sha256:ac978141a75948948817d360297b7aae0fcb9d6ff6bc9ec6d514b85d5a65c044"
            ],
            "index": "pypi",
            "markers": "python_version >= '3.8'",
            "version": "==8.1.1"
        },
        "pytest-mongodb": {
            "hashes": [
                "sha256:74749592abb9edd7fab5e28374f40eddffe5683cf0f6cd42db562c0ce30b99d3",
                "sha256:dcb791b292f98be38c4c38cd11aa10721e030b777c1150f33e93ce71fe7905e4"
            ],
            "index": "pypi",
            "version": "==2.4.0"
        },
        "pyyaml": {
            "hashes": [
                "sha256:04ac92ad1925b2cff1db0cfebffb6ffc43457495c9b3c39d3fcae417d7125dc5",
                "sha256:062582fca9fabdd2c8b54a3ef1c978d786e0f6b3a1510e0ac93ef59e0ddae2bc",
                "sha256:0d3304d8c0adc42be59c5f8a4d9e3d7379e6955ad754aa9d6ab7a398b59dd1df",
                "sha256:1635fd110e8d85d55237ab316b5b011de701ea0f29d07611174a1b42f1444741",
                "sha256:184c5108a2aca3c5b3d3bf9395d50893a7ab82a38004c8f61c258d4428e80206",
                "sha256:18aeb1bf9a78867dc38b259769503436b7c72f7a1f1f4c93ff9a17de54319b27",
                "sha256:1d4c7e777c441b20e32f52bd377e0c409713e8bb1386e1099c2415f26e479595",
                "sha256:1e2722cc9fbb45d9b87631ac70924c11d3a401b2d7f410cc0e3bbf249f2dca62",
                "sha256:1fe35611261b29bd1de0070f0b2f47cb6ff71fa6595c077e42bd0c419fa27b98",
                "sha256:28c119d996beec18c05208a8bd78cbe4007878c6dd15091efb73a30e90539696",
                "sha256:326c013efe8048858a6d312ddd31d56e468118ad4cdeda36c719bf5bb6192290",
                "sha256:40df9b996c2b73138957fe23a16a4f0ba614f4c0efce1e9406a184b6d07fa3a9",
                "sha256:42f8152b8dbc4fe7d96729ec2b99c7097d656dc1213a3229ca5383f973a5ed6d",
                "sha256:49a183be227561de579b4a36efbb21b3eab9651dd81b1858589f796549873dd6",
                "sha256:4fb147e7a67ef577a588a0e2c17b6db51dda102c71de36f8549b6816a96e1867",
                "sha256:50550eb667afee136e9a77d6dc71ae76a44df8b3e51e41b77f6de2932bfe0f47",
                "sha256:510c9deebc5c0225e8c96813043e62b680ba2f9c50a08d3724c7f28a747d1486",
                "sha256:5773183b6446b2c99bb77e77595dd486303b4faab2b086e7b17bc6bef28865f6",
                "sha256:596106435fa6ad000c2991a98fa58eeb8656ef2325d7e158344fb33864ed87e3",
                "sha256:6965a7bc3cf88e5a1c3bd2e0b5c22f8d677dc88a455344035f03399034eb3007",
                "sha256:69b023b2b4daa7548bcfbd4aa3da05b3a74b772db9e23b982788168117739938",
                "sha256:6c22bec3fbe2524cde73d7ada88f6566758a8f7227bfbf93a408a9d86bcc12a0",
                "sha256:704219a11b772aea0d8ecd7058d0082713c3562b4e271b849ad7dc4a5c90c13c",
                "sha256:7e07cbde391ba96ab58e532ff4803f79c4129397514e1413a7dc761ccd755735",
                "sha256:81e0b275a9ecc9c0c0c07b4b90ba548307583c125f54d5b6946cfee6360c733d",
                "sha256:855fb52b0dc35af121542a76b9a84f8d1cd886ea97c84703eaa6d88e37a2ad28",
                "sha256:8d4e9c88387b0f5c7d5f281e55304de64cf7f9c0021a3525bd3b1c542da3b0e4",
                "sha256:9046c58c4395dff28dd494285c82ba00b546adfc7ef001486fbf0324bc174fba",
                "sha256:9eb6caa9a297fc2c2fb8862bc5370d0303ddba53ba97e71f08023b6cd73d16a8",
                "sha256:a08c6f0fe150303c1c6b71ebcd7213c2858041a7e01975da3a99aed1e7a378ef",
                "sha256:a0cd17c15d3bb3fa06978b4e8958dcdc6e0174ccea823003a106c7d4d7899ac5",
                "sha256:afd7e57eddb1a54f0f1a974bc4391af8bcce0b444685d936840f125cf046d5bd",
                "sha256:b1275ad35a5d18c62a7220633c913e1b42d44b46ee12554e5fd39c70a243d6a3",
                "sha256:b786eecbdf8499b9ca1d697215862083bd6d2a99965554781d0d8d1ad31e13a0",
                "sha256:ba336e390cd8e4d1739f42dfe9bb83a3cc2e80f567d8805e11b46f4a943f5515",
                "sha256:baa90d3f661d43131ca170712d903e6295d1f7a0f595074f151c0aed377c9b9c",
                "sha256:bc1bf2925a1ecd43da378f4db9e4f799775d6367bdb94671027b73b393a7c42c",
                "sha256:bd4af7373a854424dabd882decdc5579653d7868b8fb26dc7d0e99f823aa5924",
                "sha256:bf07ee2fef7014951eeb99f56f39c9bb4af143d8aa3c21b1677805985307da34",
                "sha256:bfdf460b1736c775f2ba9f6a92bca30bc2095067b8a9d77876d1fad6cc3b4a43",
                "sha256:c8098ddcc2a85b61647b2590f825f3db38891662cfc2fc776415143f599bb859",
                "sha256:d2b04aac4d386b172d5b9692e2d2da8de7bfb6c387fa4f801fbf6fb2e6ba4673",
                "sha256:d483d2cdf104e7c9fa60c544d92981f12ad66a457afae824d146093b8c294c54",
                "sha256:d858aa552c999bc8a8d57426ed01e40bef403cd8ccdd0fc5f6f04a00414cac2a",
                "sha256:e7d73685e87afe9f3b36c799222440d6cf362062f78be1013661b00c5c6f678b",
                "sha256:f003ed9ad21d6a4713f0a9b5a7a0a79e08dd0f221aff4525a2be4c346ee60aab",
                "sha256:f22ac1c3cac4dbc50079e965eba2c1058622631e526bd9afd45fedd49ba781fa",
                "sha256:faca3bdcf85b2fc05d06ff3fbc1f83e1391b3e724afa3feba7d13eeab355484c",
                "sha256:fca0e3a251908a499833aa292323f32437106001d436eca0e6e7833256674585",
                "sha256:fd1592b3fdf65fff2ad0004b5e363300ef59ced41c2e6b3a99d4089fa8c5435d",
                "sha256:fd66fc5d0da6d9815ba2cebeb4205f95818ff4b79c3ebe268e75d961704af52f"
            ],
            "markers": "python_version >= '3.6'",
            "version": "==6.0.1"
        },
        "sentinels": {
            "hashes": [
                "sha256:7be0704d7fe1925e397e92d18669ace2f619c92b5d4eb21a89f31e026f9ff4b1"
            ],
            "version": "==1.0.0"
        }
    },
    "develop": {}
}
